
Microsoft Visual Studio Solution File, Format Version 12.00
# Visual Studio Version 17
VisualStudioVersion = 17.3.32811.315
MinimumVisualStudioVersion = 10.0.40219.1
Project("{9A19103F-16F7-4668-BE54-9A1E7A4F7556}") = "meadow_photoresistor", "meadow_photoresistor\meadow_photoresistor.csproj", "{2C6D0B8F-4025-489F-B162-E2B6F67129F4}"
EndProject
Project("{2150E333-8FDC-42A3-9474-1A3956D46DE8}") = "Solution Items", "Solution Items", "{A7D8A63F-D383-4232-80E3-7F2DB101CDCC}"
	ProjectSection(SolutionItems) = preProject
		README.md = README.md
		Sketch.fzz = Sketch.fzz
		Sketch_bb.png = Sketch_bb.png
	EndProjectSection
EndProject
Global
	GlobalSection(SolutionConfigurationPlatforms) = preSolution
		Debug|Any CPU = Debug|Any CPU
		Release|Any CPU = Release|Any CPU
	EndGlobalSection
	GlobalSection(ProjectConfigurationPlatforms) = postSolution
		{2C6D0B8F-4025-489F-B162-E2B6F67129F4}.Debug|Any CPU.ActiveCfg = Debug|Any CPU
		{2C6D0B8F-4025-489F-B162-E2B6F67129F4}.Debug|Any CPU.Build.0 = Debug|Any CPU
		{2C6D0B8F-4025-489F-B162-E2B6F67129F4}.Debug|Any CPU.Deploy.0 = Debug|Any CPU
		{2C6D0B8F-4025-489F-B162-E2B6F67129F4}.Release|Any CPU.ActiveCfg = Release|Any CPU
		{2C6D0B8F-4025-489F-B162-E2B6F67129F4}.Release|Any CPU.Build.0 = Release|Any CPU
		{2C6D0B8F-4025-489F-B162-E2B6F67129F4}.Release|Any CPU.Deploy.0 = Release|Any CPU
	EndGlobalSection
	GlobalSection(SolutionProperties) = preSolution
		HideSolutionNode = FALSE
	EndGlobalSection
	GlobalSection(ExtensibilityGlobals) = postSolution
		SolutionGuid = {E59658FE-593D-49E5-9A39-F880DBEB0998}
	EndGlobalSection
EndGlobal
